
Microsoft Visual Studio Solution File, Format Version 12.00
# Visual Studio Version 17
VisualStudioVersion = 17.7.34202.233
MinimumVisualStudioVersion = 10.0.40219.1
Project("{FAE04EC0-301F-11D3-BF4B-00C04F79EFBC}") = "App.Web.Mvc", "App.Web.Mvc\App.Web.Mvc.csproj", "{8B93378B-F6B8-4A27-AF1A-A262B6184954}"
EndProject
Global
	GlobalSection(SolutionConfigurationPlatforms) = preSolution
		Debug|Any CPU = Debug|Any CPU
		Release|Any CPU = Release|Any CPU
	EndGlobalSection
	GlobalSection(ProjectConfigurationPlatforms) = postSolution
		{8B93378B-F6B8-4A27-AF1A-A262B6184954}.Debug|Any CPU.ActiveCfg = Debug|Any CPU
		{8B93378B-F6B8-4A27-AF1A-A262B6184954}.Debug|Any CPU.Build.0 = Debug|Any CPU
		{8B93378B-F6B8-4A27-AF1A-A262B6184954}.Release|Any CPU.ActiveCfg = Release|Any CPU
		{8B93378B-F6B8-4A27-AF1A-A262B6184954}.Release|Any CPU.Build.0 = Release|Any CPU
	EndGlobalSection
	GlobalSection(SolutionProperties) = preSolution
		HideSolutionNode = FALSE
	EndGlobalSection
	GlobalSection(ExtensibilityGlobals) = postSolution
		SolutionGuid = {F52BD6B3-DC42-40C6-A75D-2F1F91221974}
	EndGlobalSection
EndGlobal
